// !$*UTF8*$!
{
	archiveVersion = 1;
	classes = {
	};
	objectVersion = 46;
	objects = {

/* Begin PBXBuildFile section */
		48BCC3B21431FD9A00B70CF1 /* UIKit.framework in Frameworks */ = {isa = PBXBuildFile; fileRef = 48BCC3B11431FD9A00B70CF1 /* UIKit.framework */; };
		48BCC3B41431FD9A00B70CF1 /* Foundation.framework in Frameworks */ = {isa = PBXBuildFile; fileRef = 48BCC3B31431FD9A00B70CF1 /* Foundation.framework */; };
		48BCC3B61431FD9A00B70CF1 /* CoreGraphics.framework in Frameworks */ = {isa = PBXBuildFile; fileRef = 48BCC3B51431FD9A00B70CF1 /* CoreGraphics.framework */; };
		48BCC3BC1431FD9A00B70CF1 /* InfoPlist.strings in Resources */ = {isa = PBXBuildFile; fileRef = 48BCC3BA1431FD9A00B70CF1 /* InfoPlist.strings */; };
		48BCC3BF1431FD9A00B70CF1 /* main.m in Sources */ = {isa = PBXBuildFile; fileRef = 48BCC3BE1431FD9A00B70CF1 /* main.m */; };
		48BCC3C21431FD9A00B70CF1 /* Large_Table_ViewAppDelegate.m in Sources */ = {isa = PBXBuildFile; fileRef = 48BCC3C11431FD9A00B70CF1 /* Large_Table_ViewAppDelegate.m */; };
		48BCC3C51431FD9A00B70CF1 /* MainWindow.xib in Resources */ = {isa = PBXBuildFile; fileRef = 48BCC3C31431FD9A00B70CF1 /* MainWindow.xib */; };
		48BCC3C81431FD9A00B70CF1 /* RootViewController.m in Sources */ = {isa = PBXBuildFile; fileRef = 48BCC3C71431FD9A00B70CF1 /* RootViewController.m */; };
		48BCC3CB1431FD9A00B70CF1 /* RootViewController.xib in Resources */ = {isa = PBXBuildFile; fileRef = 48BCC3C91431FD9A00B70CF1 /* RootViewController.xib */; };
/* End PBXBuildFile section */

/* Begin PBXFileReference section */
		48BCC3AD1431FD9A00B70CF1 /* Large Table View.app */ = {isa = PBXFileReference; explicitFileType = wrapper.application; includeInIndex = 0; path = "Large Table View.app"; sourceTree = BUILT_PRODUCTS_DIR; };
		48BCC3B11431FD9A00B70CF1 /* UIKit.framework */ = {isa = PBXFileReference; lastKnownFileType = wrapper.framework; name = UIKit.framework; path = System/Library/Frameworks/UIKit.framework; sourceTree = SDKROOT; };
		48BCC3B31431FD9A00B70CF1 /* Foundation.framework */ = {isa = PBXFileReference; lastKnownFileType = wrapper.framework; name = Foundation.framework; path = System/Library/Frameworks/Foundation.framework; sourceTree = SDKROOT; };
		48BCC3B51431FD9A00B70CF1 /* CoreGraphics.framework */ = {isa = PBXFileReference; lastKnownFileType = wrapper.framework; name = CoreGraphics.framework; path = System/Library/Frameworks/CoreGraphics.framework; sourceTree = SDKROOT; };
		48BCC3B91431FD9A00B70CF1 /* Large Table View-Info.plist */ = {isa = PBXFileReference; path = "Large Table View-Info.plist"; sourceTree = "<group>"; };
		48BCC3BB1431FD9A00B70CF1 /* en */ = {isa = PBXFileReference; lastKnownFileType = text.plist.strings; name = en; path = en.lproj/InfoPlist.strings; sourceTree = "<group>"; };
		48BCC3BD1431FD9A00B70CF1 /* Large Table View-Prefix.pch */ = {isa = PBXFileReference; path = "Large Table View-Prefix.pch"; sourceTree = "<group>"; };
		48BCC3BE1431FD9A00B70CF1 /* main.m */ = {isa = PBXFileReference; lastKnownFileType = sourcecode.c.objc; path = main.m; sourceTree = "<group>"; };
		48BCC3C01431FD9A00B70CF1 /* Large_Table_ViewAppDelegate.h */ = {isa = PBXFileReference; path = Large_Table_ViewAppDelegate.h; sourceTree = "<group>"; };
		48BCC3C11431FD9A00B70CF1 /* Large_Table_ViewAppDelegate.m */ = {isa = PBXFileReference; lastKnownFileType = sourcecode.c.objc; path = Large_Table_ViewAppDelegate.m; sourceTree = "<group>"; };
		48BCC3C41431FD9A00B70CF1 /* en */ = {isa = PBXFileReference; lastKnownFileType = file.xib; name = en; path = en.lproj/MainWindow.xib; sourceTree = "<group>"; };
		48BCC3C61431FD9A00B70CF1 /* RootViewController.h */ = {isa = PBXFileReference; path = RootViewController.h; sourceTree = "<group>"; };
		48BCC3C71431FD9A00B70CF1 /* RootViewController.m */ = {isa = PBXFileReference; lastKnownFileType = sourcecode.c.objc; path = RootViewController.m; sourceTree = "<group>"; };
		48BCC3CA1431FD9A00B70CF1 /* en */ = {isa = PBXFileReference; lastKnownFileType = file.xib; name = en; path = en.lproj/RootViewController.xib; sourceTree = "<group>"; };
/* End PBXFileReference section */

/* Begin PBXFrameworksBuildPhase section */
		48BCC3AA1431FD9A00B70CF1 /* Frameworks */ = {
			isa = PBXFrameworksBuildPhase;
			buildActionMask = 2147483647;
			files = (
				48BCC3B21431FD9A00B70CF1 /* UIKit.framework in Frameworks */,
				48BCC3B41431FD9A00B70CF1 /* Foundation.framework in Frameworks */,
				48BCC3B61431FD9A00B70CF1 /* CoreGraphics.framework in Frameworks */,
			);
			runOnlyForDeploymentPostprocessing = 0;
		};
/* End PBXFrameworksBuildPhase section */

/* Begin PBXGroup section */
		48BCC3A21431FD9A00B70CF1 = {
			isa = PBXGroup;
			children = (
				48BCC3B71431FD9A00B70CF1 /* Large Table View */,
				48BCC3B01431FD9A00B70CF1 /* Frameworks */,
				48BCC3AE1431FD9A00B70CF1 /* Products */,
			);
			sourceTree = "<group>";
		};
		48BCC3AE1431FD9A00B70CF1 /* Products */ = {
			isa = PBXGroup;
			children = (
				48BCC3AD1431FD9A00B70CF1 /* Large Table View.app */,
			);
			name = Products;
			sourceTree = "<group>";
		};
		48BCC3B01431FD9A00B70CF1 /* Frameworks */ = {
			isa = PBXGroup;
			children = (
				48BCC3B11431FD9A00B70CF1 /* UIKit.framework */,
				48BCC3B31431FD9A00B70CF1 /* Foundation.framework */,
				48BCC3B51431FD9A00B70CF1 /* CoreGraphics.framework */,
			);
			name = Frameworks;
			sourceTree = "<group>";
		};
		48BCC3B71431FD9A00B70CF1 /* Large Table View */ = {
			isa = PBXGroup;
			children = (
				48BCC3C01431FD9A00B70CF1 /* Large_Table_ViewAppDelegate.h */,
				48BCC3C11431FD9A00B70CF1 /* Large_Table_ViewAppDelegate.m */,
				48BCC3C31431FD9A00B70CF1 /* MainWindow.xib */,
				48BCC3C61431FD9A00B70CF1 /* RootViewController.h */,
				48BCC3C71431FD9A00B70CF1 /* RootViewController.m */,
				48BCC3C91431FD9A00B70CF1 /* RootViewController.xib */,
				48BCC3B81431FD9A00B70CF1 /* Supporting Files */,
			);
			path = "Large Table View";
			sourceTree = "<group>";
		};
		48BCC3B81431FD9A00B70CF1 /* Supporting Files */ = {
			isa = PBXGroup;
			children = (
				48BCC3B91431FD9A00B70CF1 /* Large Table View-Info.plist */,
				48BCC3BA1431FD9A00B70CF1 /* InfoPlist.strings */,
				48BCC3BD1431FD9A00B70CF1 /* Large Table View-Prefix.pch */,
				48BCC3BE1431FD9A00B70CF1 /* main.m */,
			);
			name = "Supporting Files";
			sourceTree = "<group>";
		};
/* End PBXGroup section */

/* Begin PBXNativeTarget section */
		48BCC3AC1431FD9A00B70CF1 /* Large Table View */ = {
			isa = PBXNativeTarget;
			buildConfigurationList = 48BCC3CE1431FD9A00B70CF1 /* Build configuration list for PBXNativeTarget "Large Table View" */;
			buildPhases = (
				48BCC3A91431FD9A00B70CF1 /* Sources */,
				48BCC3AA1431FD9A00B70CF1 /* Frameworks */,
				48BCC3AB1431FD9A00B70CF1 /* Resources */,
			);
			buildRules = (
			);
			dependencies = (
			);
			name = "Large Table View";
			productName = "Large Table View";
			productReference = 48BCC3AD1431FD9A00B70CF1 /* Large Table View.app */;
			productType = "com.apple.product-type.application";
		};
/* End PBXNativeTarget section */

/* Begin PBXProject section */
		48BCC3A41431FD9A00B70CF1 /* Project object */ = {
			isa = PBXProject;
			buildConfigurationList = 48BCC3A71431FD9A00B70CF1 /* Build configuration list for PBXProject "Large Table View" */;
			compatibilityVersion = "Xcode 3.2";
			developmentRegion = English;
			hasScannedForEncodings = 0;
			knownRegions = (
				en,
			);
			mainGroup = 48BCC3A21431FD9A00B70CF1;
			productRefGroup = 48BCC3AE1431FD9A00B70CF1 /* Products */;
			projectDirPath = "";
			projectRoot = "";
			targets = (
				48BCC3AC1431FD9A00B70CF1 /* Large Table View */,
			);
		};
/* End PBXProject section */

/* Begin PBXResourcesBuildPhase section */
		48BCC3AB1431FD9A00B70CF1 /* Resources */ = {
			isa = PBXResourcesBuildPhase;
			buildActionMask = 2147483647;
			files = (
				48BCC3BC1431FD9A00B70CF1 /* InfoPlist.strings in Resources */,
				48BCC3C51431FD9A00B70CF1 /* MainWindow.xib in Resources */,
				48BCC3CB1431FD9A00B70CF1 /* RootViewController.xib in Resources */,
			);
			runOnlyForDeploymentPostprocessing = 0;
		};
/* End PBXResourcesBuildPhase section */

/* Begin PBXSourcesBuildPhase section */
		48BCC3A91431FD9A00B70CF1 /* Sources */ = {
			isa = PBXSourcesBuildPhase;
			buildActionMask = 2147483647;
			files = (
				48BCC3BF1431FD9A00B70CF1 /* main.m in Sources */,
				48BCC3C21431FD9A00B70CF1 /* Large_Table_ViewAppDelegate.m in Sources */,
				48BCC3C81431FD9A00B70CF1 /* RootViewController.m in Sources */,
			);
			runOnlyForDeploymentPostprocessing = 0;
		};
/* End PBXSourcesBuildPhase section */

/* Begin PBXVariantGroup section */
		48BCC3BA1431FD9A00B70CF1 /* InfoPlist.strings */ = {
			isa = PBXVariantGroup;
			children = (
				48BCC3BB1431FD9A00B70CF1 /* en */,
			);
			name = InfoPlist.strings;
			sourceTree = "<group>";
		};
		48BCC3C31431FD9A00B70CF1 /* MainWindow.xib */ = {
			isa = PBXVariantGroup;
			children = (
				48BCC3C41431FD9A00B70CF1 /* en */,
			);
			name = MainWindow.xib;
			sourceTree = "<group>";
		};
		48BCC3C91431FD9A00B70CF1 /* RootViewController.xib */ = {
			isa = PBXVariantGroup;
			children = (
				48BCC3CA1431FD9A00B70CF1 /* en */,
			);
			name = RootViewController.xib;
			sourceTree = "<group>";
		};
/* End PBXVariantGroup section */

/* Begin XCBuildConfiguration section */
		48BCC3CC1431FD9A00B70CF1 /* Debug */ = {
			isa = XCBuildConfiguration;
			buildSettings = {
				ARCHS = "$(ARCHS_STANDARD_32_BIT)";
				"CODE_SIGN_IDENTITY[sdk=iphoneos*]" = "iPhone Developer";
				GCC_C_LANGUAGE_STANDARD = gnu99;
				GCC_OPTIMIZATION_LEVEL = 0;
				GCC_PREPROCESSOR_DEFINITIONS = DEBUG;
				GCC_SYMBOLS_PRIVATE_EXTERN = NO;
				GCC_VERSION = com.apple.compilers.llvmgcc42;
				GCC_WARN_ABOUT_RETURN_TYPE = YES;
				GCC_WARN_UNUSED_VARIABLE = YES;
				IPHONEOS_DEPLOYMENT_TARGET = 4.3;
				SDKROOT = iphoneos;
			};
			name = Debug;
		};
		48BCC3CD1431FD9A00B70CF1 /* Release */ = {
			isa = XCBuildConfiguration;
			buildSettings = {
				ARCHS = "$(ARCHS_STANDARD_32_BIT)";
				"CODE_SIGN_IDENTITY[sdk=iphoneos*]" = "iPhone Developer";
				GCC_C_LANGUAGE_STANDARD = gnu99;
				GCC_VERSION = com.apple.compilers.llvmgcc42;
				GCC_WARN_ABOUT_RETURN_TYPE = YES;
				GCC_WARN_UNUSED_VARIABLE = YES;
				IPHONEOS_DEPLOYMENT_TARGET = 4.3;
				OTHER_CFLAGS = "-DNS_BLOCK_ASSERTIONS=1";
				SDKROOT = iphoneos;
			};
			name = Release;
		};
		48BCC3CF1431FD9A00B70CF1 /* Debug */ = {
			isa = XCBuildConfiguration;
			buildSettings = {
				ALWAYS_SEARCH_USER_PATHS = NO;
				COPY_PHASE_STRIP = NO;
				GCC_DYNAMIC_NO_PIC = NO;
				GCC_PRECOMPILE_PREFIX_HEADER = YES;
				GCC_PREFIX_HEADER = "Large Table View/Large Table View-Prefix.pch";
				INFOPLIST_FILE = "Large Table View/Large Table View-Info.plist";
				PRODUCT_NAME = "$(TARGET_NAME)";
				WRAPPER_EXTENSION = app;
			};
			name = Debug;
		};
		48BCC3D01431FD9A00B70CF1 /* Release */ = {
			isa = XCBuildConfiguration;
			buildSettings = {
				ALWAYS_SEARCH_USER_PATHS = NO;
				COPY_PHASE_STRIP = YES;
				GCC_PRECOMPILE_PREFIX_HEADER = YES;
				GCC_PREFIX_HEADER = "Large Table View/Large Table View-Prefix.pch";
				INFOPLIST_FILE = "Large Table View/Large Table View-Info.plist";
				PRODUCT_NAME = "$(TARGET_NAME)";
				VALIDATE_PRODUCT = YES;
				WRAPPER_EXTENSION = app;
			};
			name = Release;
		};
/* End XCBuildConfiguration section */

/* Begin XCConfigurationList section */
		48BCC3A71431FD9A00B70CF1 /* Build configuration list for PBXProject "Large Table View" */ = {
			isa = XCConfigurationList;
			buildConfigurations = (
				48BCC3CC1431FD9A00B70CF1 /* Debug */,
				48BCC3CD1431FD9A00B70CF1 /* Release */,
			);
			defaultConfigurationIsVisible = 0;
			defaultConfigurationName = Release;
		};
		48BCC3CE1431FD9A00B70CF1 /* Build configuration list for PBXNativeTarget "Large Table View" */ = {
			isa = XCConfigurationList;
			buildConfigurations = (
				48BCC3CF1431FD9A00B70CF1 /* Debug */,
				48BCC3D01431FD9A00B70CF1 /* Release */,
			);
			defaultConfigurationIsVisible = 0;
		};
/* End XCConfigurationList section */
	};
	rootObject = 48BCC3A41431FD9A00B70CF1 /* Project object */;
}
